
Microsoft Visual Studio Solution File, Format Version 12.00
# Visual Studio Version 17
VisualStudioVersion = 17.14.36327.8 d17.14
MinimumVisualStudioVersion = 10.0.40219.1
Project("{FAE04EC0-301F-11D3-BF4B-00C04F79EFBC}") = "28.08MiniProject", "28.08MiniProject\28.08MiniProject.csproj", "{59444920-35FA-4396-9C56-76C56BC7FB67}"
EndProject
Global
	GlobalSection(SolutionConfigurationPlatforms) = preSolution
		Debug|Any CPU = Debug|Any CPU
		Release|Any CPU = Release|Any CPU
	EndGlobalSection
	GlobalSection(ProjectConfigurationPlatforms) = postSolution
		{59444920-35FA-4396-9C56-76C56BC7FB67}.Debug|Any CPU.ActiveCfg = Debug|Any CPU
		{59444920-35FA-4396-9C56-76C56BC7FB67}.Debug|Any CPU.Build.0 = Debug|Any CPU
		{59444920-35FA-4396-9C56-76C56BC7FB67}.Release|Any CPU.ActiveCfg = Release|Any CPU
		{59444920-35FA-4396-9C56-76C56BC7FB67}.Release|Any CPU.Build.0 = Release|Any CPU
	EndGlobalSection
	GlobalSection(SolutionProperties) = preSolution
		HideSolutionNode = FALSE
	EndGlobalSection
	GlobalSection(ExtensibilityGlobals) = postSolution
		SolutionGuid = {6BE8C69A-5A5C-435D-91AB-622BDB9856D3}
	EndGlobalSection
EndGlobal
